
Microsoft Visual Studio Solution File, Format Version 12.00
# Visual Studio 15
VisualStudioVersion = 15.0.27130.2027
MinimumVisualStudioVersion = 10.0.40219.1
Project("{FAE04EC0-301F-11D3-BF4B-00C04F79EFBC}") = "Rhythm.Caching.Umbraco6", "Rhythm.Caching.Umbraco6\Rhythm.Caching.Umbraco6.csproj", "{FBAF6740-B4D2-4192-BFDC-390CA6F141C0}"
EndProject
Global
	GlobalSection(SolutionConfigurationPlatforms) = preSolution
		Debug|Any CPU = Debug|Any CPU
		Release|Any CPU = Release|Any CPU
	EndGlobalSection
	GlobalSection(ProjectConfigurationPlatforms) = postSolution
		{FBAF6740-B4D2-4192-BFDC-390CA6F141C0}.Debug|Any CPU.ActiveCfg = Debug|Any CPU
		{FBAF6740-B4D2-4192-BFDC-390CA6F141C0}.Debug|Any CPU.Build.0 = Debug|Any CPU
		{FBAF6740-B4D2-4192-BFDC-390CA6F141C0}.Release|Any CPU.ActiveCfg = Release|Any CPU
		{FBAF6740-B4D2-4192-BFDC-390CA6F141C0}.Release|Any CPU.Build.0 = Release|Any CPU
	EndGlobalSection
	GlobalSection(SolutionProperties) = preSolution
		HideSolutionNode = FALSE
	EndGlobalSection
	GlobalSection(ExtensibilityGlobals) = postSolution
		SolutionGuid = {4B890153-D8BF-4386-A725-F5619CB063DF}
	EndGlobalSection
EndGlobal
